/*
<p>Write a program to find the node at which the intersection of two singly linked lists begins.</p>
</br>
<p>For example, the following two linked lists: </p>
<pre>
A:          a1 → a2
                   ↘
                     c1 → c2 → c3
                   ↗            
B:     b1 → b2 → b3
</pre>
<p>begin to intersect at node c1.</p>
</br>
<p><b>Notes:</b>
<ul>
<li>If the two linked lists have no intersection at all, return <code>null</code>.</li>
<li>The linked lists must retain their original structure after the function returns. </li>
<li>You may assume there are no cycles anywhere in the entire linked structure.</li>
<li>Your code should preferably run in O(n) time and use only O(1) memory.</li>
</ul>
</p>

<p><b>Credits:</b><br />Special thanks to <a href="https://oj.leetcode.com/discuss/user/stellari">@stellari</a> for adding this problem and creating all test cases.</p><p>编写一个程序，找到两个单链表相交的起始节点。</p>

<p>&nbsp;</p>

<p>例如，下面的两个链表<strong>：</strong></p>

<pre>A:          a1 &rarr; a2
                   ↘
                     c1 &rarr; c2 &rarr; c3
                   ↗            
B:     b1 &rarr; b2 &rarr; b3
</pre>

<p>在节点 c1 开始相交。</p>

<p>&nbsp;</p>

<p><strong>注意：</strong></p>

<ul>
	<li>如果两个链表没有交点，返回 <code>null</code>.</li>
	<li>在返回结果后，两个链表仍须保持原有的结构。</li>
	<li>可假定整个链表结构中没有循环。</li>
	<li>程序尽量满足 O(<em>n</em>) 时间复杂度，且仅用 O(<em>1</em>) 内存。</li>
</ul>

<p>&nbsp;</p>

<p>致谢<strong>:</strong><br>
特别感谢&nbsp;<a href="https://oj.leetcode.com/discuss/user/stellari">@stellari</a> 添加此问题并创建所有测试用例。</p>
<p>编写一个程序，找到两个单链表相交的起始节点。</p>

<p>&nbsp;</p>

<p>例如，下面的两个链表<strong>：</strong></p>

<pre>A:          a1 &rarr; a2
                   ↘
                     c1 &rarr; c2 &rarr; c3
                   ↗            
B:     b1 &rarr; b2 &rarr; b3
</pre>

<p>在节点 c1 开始相交。</p>

<p>&nbsp;</p>

<p><strong>注意：</strong></p>

<ul>
	<li>如果两个链表没有交点，返回 <code>null</code>.</li>
	<li>在返回结果后，两个链表仍须保持原有的结构。</li>
	<li>可假定整个链表结构中没有循环。</li>
	<li>程序尽量满足 O(<em>n</em>) 时间复杂度，且仅用 O(<em>1</em>) 内存。</li>
</ul>

<p>&nbsp;</p>

<p>致谢<strong>:</strong><br>
特别感谢&nbsp;<a href="https://oj.leetcode.com/discuss/user/stellari">@stellari</a> 添加此问题并创建所有测试用例。</p>
*/


/**
 * Definition for singly-linked list.
 * public class ListNode {
 *     public int val;
 *     public ListNode next;
 *     public ListNode(int x) { val = x; }
 * }
 */
public class Solution {
    public ListNode GetIntersectionNode(ListNode headA, ListNode headB) {
        
    }
}