/*
<p>There are <i>n</i> bulbs that are initially off. You first turn on all the bulbs. Then, you turn off every second bulb. On the third round, you toggle every third bulb (turning on if it&#39;s off or turning off if it&#39;s on). For the <i>i</i>th round, you toggle every <i>i</i> bulb. For the <i>n</i>th round, you only toggle the last bulb. Find how many bulbs are on after <i>n</i> rounds.</p>

<p><b>Example:</b></p>

<pre>
<strong>Input: </strong>3
<strong>Output:</strong> 1 
<strong>Explanation:</strong> 
At first, the three bulbs are <b>[off, off, off]</b>.
After first round, the three bulbs are <b>[on, on, on]</b>.
After second round, the three bulbs are <b>[on, off, on]</b>.
After third round, the three bulbs are <b>[on, off, off]</b>. 

So you should return 1, because there is only one bulb is on.
</pre>
<p>初始时有&nbsp;<em>n&nbsp;</em>个灯泡关闭。 第 1 轮，你打开所有的灯泡。 第 2 轮，每两个灯泡你关闭一次。 第 3 轮，每三个灯泡切换一次开关（如果关闭则开启，如果开启则关闭）。第&nbsp;<em>i</em> 轮，每&nbsp;<em>i&nbsp;</em>个灯泡切换一次开关。 对于第&nbsp;<em>n&nbsp;</em>轮，你只切换最后一个灯泡的开关。 找出&nbsp;<em>n&nbsp;</em>轮后有多少个亮着的灯泡。</p>

<p><strong>示例:</strong></p>

<pre><strong>输入: </strong>3
<strong>输出:</strong> 1 
<strong>解释:</strong> 
初始时, 灯泡状态 <strong>[关闭, 关闭, 关闭]</strong>.
第一轮后, 灯泡状态 <strong>[开启, 开启, 开启]</strong>.
第二轮后, 灯泡状态 <strong>[开启, 关闭, 开启]</strong>.
第三轮后, 灯泡状态 <strong>[开启, 关闭, 关闭]</strong>. 

你应该返回 1，因为只有一个灯泡还亮着。
</pre>
<p>初始时有&nbsp;<em>n&nbsp;</em>个灯泡关闭。 第 1 轮，你打开所有的灯泡。 第 2 轮，每两个灯泡你关闭一次。 第 3 轮，每三个灯泡切换一次开关（如果关闭则开启，如果开启则关闭）。第&nbsp;<em>i</em> 轮，每&nbsp;<em>i&nbsp;</em>个灯泡切换一次开关。 对于第&nbsp;<em>n&nbsp;</em>轮，你只切换最后一个灯泡的开关。 找出&nbsp;<em>n&nbsp;</em>轮后有多少个亮着的灯泡。</p>

<p><strong>示例:</strong></p>

<pre><strong>输入: </strong>3
<strong>输出:</strong> 1 
<strong>解释:</strong> 
初始时, 灯泡状态 <strong>[关闭, 关闭, 关闭]</strong>.
第一轮后, 灯泡状态 <strong>[开启, 开启, 开启]</strong>.
第二轮后, 灯泡状态 <strong>[开启, 关闭, 开启]</strong>.
第三轮后, 灯泡状态 <strong>[开启, 关闭, 关闭]</strong>. 

你应该返回 1，因为只有一个灯泡还亮着。
</pre>
*/


public class Solution {
    public int BulbSwitch(int n) {
        
    }
}